
Microsoft Visual Studio Solution File, Format Version 12.00
# Visual Studio Version 17
VisualStudioVersion = 17.0.31808.319
MinimumVisualStudioVersion = 10.0.40219.1
Project("{FAE04EC0-301F-11D3-BF4B-00C04F79EFBC}") = "KerrMagnetoOpticMeasurementSystem", "KerrMagneto-OpticMeasurementSystem\KerrMagnetoOpticMeasurementSystem.csproj", "{D840E502-E52E-4406-A163-9DBB540C5E5D}"
EndProject
Global
	GlobalSection(SolutionConfigurationPlatforms) = preSolution
		Debug|Any CPU = Debug|Any CPU
		Release|Any CPU = Release|Any CPU
	EndGlobalSection
	GlobalSection(ProjectConfigurationPlatforms) = postSolution
		{D840E502-E52E-4406-A163-9DBB540C5E5D}.Debug|Any CPU.ActiveCfg = Debug|Any CPU
		{D840E502-E52E-4406-A163-9DBB540C5E5D}.Debug|Any CPU.Build.0 = Debug|Any CPU
		{D840E502-E52E-4406-A163-9DBB540C5E5D}.Release|Any CPU.ActiveCfg = Release|Any CPU
		{D840E502-E52E-4406-A163-9DBB540C5E5D}.Release|Any CPU.Build.0 = Release|Any CPU
	EndGlobalSection
	GlobalSection(SolutionProperties) = preSolution
		HideSolutionNode = FALSE
	EndGlobalSection
	GlobalSection(ExtensibilityGlobals) = postSolution
		SolutionGuid = {7616C855-8761-4AD8-A4F3-7EF983BCEE8E}
	EndGlobalSection
EndGlobal
